# OpenDSS installer-owned Windows training runtime.
# Python 3.12.10 x64; exactly one ONNX Runtime variant (GPU).
# Install only with --no-index --find-links <wheelhouse> --require-hashes.
colorama==0.4.6 --hash=sha256:4f1d9991f5acc0ca119f9d443620b77f9d6b33703e51011c16baf57afb285fc6
droplet-trainer==0.2.0 --hash=sha256:76fba77831bf616b832b5dbc491bc29b97bf1ed0311ad0fe4c341a4d83002af3
filelock==3.29.6 --hash=sha256:14d5f5597d2e0c4dbd774cfb6d8132da1db44da83732aab679d54f7dcf97ab65
flatbuffers==25.12.19 --hash=sha256:7634f50c427838bb021c2d66a3d1168e9d199b0607e6329399f04846d42e20b4
fsspec==2026.6.0 --hash=sha256:02e0b71817df9b2169dc30a16832045764def1191b43dcff5bb85bdee212d2a1
iniconfig==2.3.0 --hash=sha256:f631c04d2c48c52b84d0d0549c99ff3859c98df65b3101406327ecc7d53fbf12
Jinja2==3.1.6 --hash=sha256:85ece4451f492d0c13c5dd7c13a64681a86afae63a5f347908daf103ce6d2f67
joblib==1.5.3 --hash=sha256:5fc3c5039fc5ca8c0276333a188bbd59d6b7ab37fe6632daa76bc7f9ec18e713
MarkupSafe==3.0.3 --hash=sha256:26a5784ded40c9e318cfc2bdb30fe164bdb8665ded9cd64d500a34fb42067b1c
ml_dtypes==0.5.4 --hash=sha256:c1a953995cccb9e25a4ae19e34316671e4e2edaebe4cf538229b1fc7109087b7
mpmath==1.3.0 --hash=sha256:a0b2b9fe80bbcd81a6647ff13108738cfb482d481d826cc0e02f5b35e5c88d2c
networkx==3.6.1 --hash=sha256:d47fbf302e7d9cbbb9e2555a0d267983d2aa476bac30e90dfbe5669bd57f3762
numpy==2.4.4 --hash=sha256:b5f0362dc928a6ecd9db58868fca5e48485205e3855957bdedea308f8672ea4a
onnx==1.21.0 --hash=sha256:458d91948ad9a7729a347550553b49ab6939f9af2cddf334e2116e45467dc61f
onnx-ir==0.2.1 --hash=sha256:c7285da889312f91882de2092e298a9eeeefbfc1d1951c49d983992967eb09a7
onnxruntime-gpu==1.25.1 --hash=sha256:d73660da130e03d6f5bfba2522af01491e26902643589fe466a10f6936dfc71a
onnxscript==0.7.0 --hash=sha256:5b356907d4501e9919f8599c91d8da967406a37b1fac2b40caa55a49acf242ea
packaging==26.2 --hash=sha256:5fc45236b9446107ff2415ce77c807cee2862cb6fac22b8a73826d0693b0980e
pandas==3.0.2 --hash=sha256:a4785e1d6547d8427c5208b748ae2efb64659a21bd82bf440d4262d02bfa02a4
pillow==12.2.0 --hash=sha256:7f84204dee22a783350679a0333981df803dac21a0190d706a50475e361c93f5
pip==26.1.2 --hash=sha256:382ff9f685ee3bc25864f820aa50505825f10f5458ffff07e30a6d96e5715cab
pluggy==1.6.0 --hash=sha256:e920276dd6813095e9377c0bc5566d94c932c33b27a3e3945d8389c374dd4746
protobuf==7.35.1 --hash=sha256:230a75ddfc2de4806e56696ce9640c1cdfdb6543b7cfce98d42a4c0a0e7bdb87
Pygments==2.20.0 --hash=sha256:81a9e26dd42fd28a23a2d169d86d7ac03b46e2f8b59ed4698fb4785f946d0176
pytest==9.1.1 --hash=sha256:37a86b45efb9a47a61a36449063e8e18d0cab3161329fc099eb21783169c4f0c
python-dateutil==2.9.0.post0 --hash=sha256:a8b2bc7bffae282281c8140a97d3aa9c14da0b136dfe83f850eea9a5f7470427
scikit-learn==1.8.0 --hash=sha256:35c007dedb2ffe38fe3ee7d201ebac4a2deccd2408e8621d53067733e3c74809
scipy==1.18.0 --hash=sha256:71ccc8faa2dd16ac310233203474a8b5cb67f10dedd54a3116d34943f4b19132
setuptools==83.0.0 --hash=sha256:29b23c360f22f414dc7336bb39178cc7bcbf6021ed2733cde173f09dba19abb3
six==1.17.0 --hash=sha256:4721f391ed90541fddacab5acf947aa0d3dc7d27b2e1e8eda2be8970586c3274
sympy==1.14.0 --hash=sha256:e091cc3e99d2141a0ba2847328f5479b05d94a6635cb96148ccb3f34671bd8f5
threadpoolctl==3.6.0 --hash=sha256:43a0b8fd5a2928500110039e43a5eed8480b918967083ea48dc3ab9f13c4a7fb
torch==2.10.0+cu130 --hash=sha256:224649fa0ab181ec483cc368e3303dda1760e4ba31bea806b88979f855436aaa
torchvision==0.25.0+cu130 --hash=sha256:7dd245ee7df0ceb00125e57615de31ca7232bf046143c2c3fe7a3b321bb50958
typing_extensions==4.16.0 --hash=sha256:481caa481374e813c1b176ada14e97f1f67a4539ce9cfeb3f350d78d6370c2e8
tzdata==2026.2 --hash=sha256:bbe9af844f658da81a5f95019480da3a89415801f6cc966806612cc7169bffe7
wheel==0.47.0 --hash=sha256:212281cab4dff978f6cedd499cd893e1f620791ca6ff7107cf270781e587eced
